
Microsoft Visual Studio Solution File, Format Version 12.00
# Visual Studio Version 16
VisualStudioVersion = 16.0.31911.196
MinimumVisualStudioVersion = 10.0.40219.1
Project("{FAE04EC0-301F-11D3-BF4B-00C04F79EFBC}") = "EmployeeWage", "EmployeeWage\EmployeeWage.csproj", "{BA91B470-C1FA-48CF-9DE6-75E97DE4B709}"
EndProject
Global
	GlobalSection(SolutionConfigurationPlatforms) = preSolution
		Debug|Any CPU = Debug|Any CPU
		Release|Any CPU = Release|Any CPU
	EndGlobalSection
	GlobalSection(ProjectConfigurationPlatforms) = postSolution
		{BA91B470-C1FA-48CF-9DE6-75E97DE4B709}.Debug|Any CPU.ActiveCfg = Debug|Any CPU
		{BA91B470-C1FA-48CF-9DE6-75E97DE4B709}.Debug|Any CPU.Build.0 = Debug|Any CPU
		{BA91B470-C1FA-48CF-9DE6-75E97DE4B709}.Release|Any CPU.ActiveCfg = Release|Any CPU
		{BA91B470-C1FA-48CF-9DE6-75E97DE4B709}.Release|Any CPU.Build.0 = Release|Any CPU
	EndGlobalSection
	GlobalSection(SolutionProperties) = preSolution
		HideSolutionNode = FALSE
	EndGlobalSection
	GlobalSection(ExtensibilityGlobals) = postSolution
		SolutionGuid = {009E8190-795C-42B9-8048-914E6E99436E}
	EndGlobalSection
EndGlobal
