
Microsoft Visual Studio Solution File, Format Version 12.00
# Visual Studio Version 16
VisualStudioVersion = 16.0.31911.196
MinimumVisualStudioVersion = 10.0.40219.1
Project("{FAE04EC0-301F-11D3-BF4B-00C04F79EFBC}") = "WageTillNoOfWorkingDays", "WageTillNoOfWorkingDays\WageTillNoOfWorkingDays.csproj", "{912CDF4D-0BF4-4EFD-94E2-457A4DF9DBBA}"
EndProject
Global
	GlobalSection(SolutionConfigurationPlatforms) = preSolution
		Debug|Any CPU = Debug|Any CPU
		Release|Any CPU = Release|Any CPU
	EndGlobalSection
	GlobalSection(ProjectConfigurationPlatforms) = postSolution
		{912CDF4D-0BF4-4EFD-94E2-457A4DF9DBBA}.Debug|Any CPU.ActiveCfg = Debug|Any CPU
		{912CDF4D-0BF4-4EFD-94E2-457A4DF9DBBA}.Debug|Any CPU.Build.0 = Debug|Any CPU
		{912CDF4D-0BF4-4EFD-94E2-457A4DF9DBBA}.Release|Any CPU.ActiveCfg = Release|Any CPU
		{912CDF4D-0BF4-4EFD-94E2-457A4DF9DBBA}.Release|Any CPU.Build.0 = Release|Any CPU
	EndGlobalSection
	GlobalSection(SolutionProperties) = preSolution
		HideSolutionNode = FALSE
	EndGlobalSection
	GlobalSection(ExtensibilityGlobals) = postSolution
		SolutionGuid = {807779B1-7741-4D1F-B27F-D2458AFA7B50}
	EndGlobalSection
EndGlobal
