
Microsoft Visual Studio Solution File, Format Version 12.00
# Visual Studio Version 16
VisualStudioVersion = 16.0.31911.196
MinimumVisualStudioVersion = 10.0.40219.1
Project("{FAE04EC0-301F-11D3-BF4B-00C04F79EFBC}") = "EmployeePresentOrNot", "EmployeePresentOrNot\EmployeePresentOrNot.csproj", "{9320D093-99C7-4CFD-967E-4B5F4172E00D}"
EndProject
Global
	GlobalSection(SolutionConfigurationPlatforms) = preSolution
		Debug|Any CPU = Debug|Any CPU
		Release|Any CPU = Release|Any CPU
	EndGlobalSection
	GlobalSection(ProjectConfigurationPlatforms) = postSolution
		{9320D093-99C7-4CFD-967E-4B5F4172E00D}.Debug|Any CPU.ActiveCfg = Debug|Any CPU
		{9320D093-99C7-4CFD-967E-4B5F4172E00D}.Debug|Any CPU.Build.0 = Debug|Any CPU
		{9320D093-99C7-4CFD-967E-4B5F4172E00D}.Release|Any CPU.ActiveCfg = Release|Any CPU
		{9320D093-99C7-4CFD-967E-4B5F4172E00D}.Release|Any CPU.Build.0 = Release|Any CPU
	EndGlobalSection
	GlobalSection(SolutionProperties) = preSolution
		HideSolutionNode = FALSE
	EndGlobalSection
	GlobalSection(ExtensibilityGlobals) = postSolution
		SolutionGuid = {15C0D570-3B91-481D-84A9-4F65F9BCD09E}
	EndGlobalSection
EndGlobal
