
Microsoft Visual Studio Solution File, Format Version 12.00
# Visual Studio Version 16
VisualStudioVersion = 16.0.31911.196
MinimumVisualStudioVersion = 10.0.40219.1
Project("{FAE04EC0-301F-11D3-BF4B-00C04F79EFBC}") = "EmployeeWageForMonth", "EmployeeWageForMonth\EmployeeWageForMonth.csproj", "{DD02FFF6-1589-4241-9BFD-BCBF9C0D9F80}"
EndProject
Global
	GlobalSection(SolutionConfigurationPlatforms) = preSolution
		Debug|Any CPU = Debug|Any CPU
		Release|Any CPU = Release|Any CPU
	EndGlobalSection
	GlobalSection(ProjectConfigurationPlatforms) = postSolution
		{DD02FFF6-1589-4241-9BFD-BCBF9C0D9F80}.Debug|Any CPU.ActiveCfg = Debug|Any CPU
		{DD02FFF6-1589-4241-9BFD-BCBF9C0D9F80}.Debug|Any CPU.Build.0 = Debug|Any CPU
		{DD02FFF6-1589-4241-9BFD-BCBF9C0D9F80}.Release|Any CPU.ActiveCfg = Release|Any CPU
		{DD02FFF6-1589-4241-9BFD-BCBF9C0D9F80}.Release|Any CPU.Build.0 = Release|Any CPU
	EndGlobalSection
	GlobalSection(SolutionProperties) = preSolution
		HideSolutionNode = FALSE
	EndGlobalSection
	GlobalSection(ExtensibilityGlobals) = postSolution
		SolutionGuid = {E326007C-BBDF-4F9C-BE82-D41DF6056451}
	EndGlobalSection
EndGlobal
